
Microsoft Visual Studio Solution File, Format Version 12.00
# Visual Studio Version 16
VisualStudioVersion = 16.0.29102.190
MinimumVisualStudioVersion = 10.0.40219.1
Project("{8BC9CEB8-8B4A-11D0-8D11-00A0C91BC942}") = "GraphMap", "GraphMap\GraphMap.vcxproj", "{AACCEF40-65D0-4071-9416-49B5F2EB294A}"
EndProject
Global
	GlobalSection(SolutionConfigurationPlatforms) = preSolution
		Debug|x64 = Debug|x64
		Debug|x86 = Debug|x86
		Release|x64 = Release|x64
		Release|x86 = Release|x86
	EndGlobalSection
	GlobalSection(ProjectConfigurationPlatforms) = postSolution
		{AACCEF40-65D0-4071-9416-49B5F2EB294A}.Debug|x64.ActiveCfg = Debug|x64
		{AACCEF40-65D0-4071-9416-49B5F2EB294A}.Debug|x64.Build.0 = Debug|x64
		{AACCEF40-65D0-4071-9416-49B5F2EB294A}.Debug|x86.ActiveCfg = Debug|Win32
		{AACCEF40-65D0-4071-9416-49B5F2EB294A}.Debug|x86.Build.0 = Debug|Win32
		{AACCEF40-65D0-4071-9416-49B5F2EB294A}.Release|x64.ActiveCfg = Release|x64
		{AACCEF40-65D0-4071-9416-49B5F2EB294A}.Release|x64.Build.0 = Release|x64
		{AACCEF40-65D0-4071-9416-49B5F2EB294A}.Release|x86.ActiveCfg = Release|Win32
		{AACCEF40-65D0-4071-9416-49B5F2EB294A}.Release|x86.Build.0 = Release|Win32
	EndGlobalSection
	GlobalSection(SolutionProperties) = preSolution
		HideSolutionNode = FALSE
	EndGlobalSection
	GlobalSection(ExtensibilityGlobals) = postSolution
		SolutionGuid = {85BC4AFE-35B0-435B-8388-9E5EAF76A861}
	EndGlobalSection
EndGlobal
